dependencies:
  espressif/ds18b20:
    component_hash: d676429d9f1f686b65ed895e418eb4b331477bcd5d63c27f43dc3d6a2de8f13b
    dependencies:
    - name: espressif/onewire_bus
      registry_url: https://components.espressif.com
      require: private
      version: ^1.0.0
    source:
      registry_url: https://components.espressif.com/
      type: service
    version: 0.1.1
  espressif/mdns:
    component_hash: 3d16bbbb5531a04cdc2ec5cc9a961e0e7380710ed4128ce87496daf0d73dda89
    dependencies:
    - name: idf
      require: private
      version: '>=5.0'
    source:
      registry_url: https://components.espressif.com/
      type: service
    version: 1.5.0
  espressif/onewire_bus:
    component_hash: c4c781940d8bd988432b47ac3ee68479c69e14e01fdfba0b61365b233a3ba5d6
    dependencies:
    - name: idf
      require: private
      version: '>=5.0'
    source:
      registry_url: https://components.espressif.com/
      type: service
    version: 1.0.2
  idf:
    source:
      type: idf
    version: 5.3.2
direct_dependencies:
- espressif/ds18b20
- espressif/mdns
- espressif/onewire_bus
- idf
manifest_hash: 3ab9c7e26d8b64004da19a25044c2d58c2eaae609fa74d9540cef28ef0c63b1d
target: esp32s3
version: 2.0.0
