{
  "name": "usersettings",
  "version": "1.0.0",
  "lockfileVersion": 3,
  "requires": true,
  "packages": {
    "": {
      "name": "usersettings",
      "version": "1.0.0",
      "license": "ISC",
      "dependencies": {
        "@klaus-liebler/commons": "file:../../../npm-packages/@klaus-liebler/commons",
        "@klaus-liebler/usersettings_codegeneration": "file:../../../npm-packages/@klaus-liebler/usersettings_codegeneration"
      }
    },
    "../../../npm-packages/@klaus-liebler/commons": {
      "version": "1.0.0",
      "license": "ISC"
    },
    "../../../npm-packages/@klaus-liebler/usersettings": {
      "version": "1.0.0",
      "extraneous": true,
      "license": "ISC",
      "dependencies": {
        "@klaus-liebler/commons": "file:../commons"
      }
    },
    "../../../npm-packages/@klaus-liebler/usersettings_codegeneration": {
      "version": "1.0.0",
      "license": "ISC",
      "dependencies": {
        "@klaus-liebler/commons": "file:../commons"
      }
    },
    "node_modules/@klaus-liebler/commons": {
      "resolved": "../../../npm-packages/@klaus-liebler/commons",
      "link": true
    },
    "node_modules/@klaus-liebler/usersettings_codegeneration": {
      "resolved": "../../../npm-packages/@klaus-liebler/usersettings_codegeneration",
      "link": true
    }
  }
}
